
Microsoft Visual Studio Solution File, Format Version 12.00
# Visual Studio Version 16
VisualStudioVersion = 16.0.30204.135
MinimumVisualStudioVersion = 10.0.40219.1
Project("{FAE04EC0-301F-11D3-BF4B-00C04F79EFBC}") = "KuruLevelEditor", "KuruLevelEditor\KuruLevelEditor.csproj", "{62CCF20F-2CDC-4D64-AB48-E05015E0D0E4}"
EndProject
Global
	GlobalSection(SolutionConfigurationPlatforms) = preSolution
		Debug|Any CPU = Debug|Any CPU
		Release|Any CPU = Release|Any CPU
	EndGlobalSection
	GlobalSection(ProjectConfigurationPlatforms) = postSolution
		{62CCF20F-2CDC-4D64-AB48-E05015E0D0E4}.Debug|Any CPU.ActiveCfg = Debug|Any CPU
		{62CCF20F-2CDC-4D64-AB48-E05015E0D0E4}.Debug|Any CPU.Build.0 = Debug|Any CPU
		{62CCF20F-2CDC-4D64-AB48-E05015E0D0E4}.Release|Any CPU.ActiveCfg = Release|Any CPU
		{62CCF20F-2CDC-4D64-AB48-E05015E0D0E4}.Release|Any CPU.Build.0 = Release|Any CPU
	EndGlobalSection
	GlobalSection(SolutionProperties) = preSolution
		HideSolutionNode = FALSE
	EndGlobalSection
	GlobalSection(ExtensibilityGlobals) = postSolution
		SolutionGuid = {A9688DA6-8A9C-4CDE-A03D-3E8D5E4D2CFB}
	EndGlobalSection
EndGlobal
